// !$*UTF8*$!
{
	archiveVersion = 1;
	classes = {
	};
	objectVersion = 48;
	objects = {

/* Begin PBXBuildFile section */
		78FBB1552068C4E7004F6E90 /* AppDelegate.m in Sources */ = {isa = PBXBuildFile; fileRef = 78FBB1542068C4E7004F6E90 /* AppDelegate.m */; };
		78FBB1582068C4E7004F6E90 /* ViewController.m in Sources */ = {isa = PBXBuildFile; fileRef = 78FBB1572068C4E7004F6E90 /* ViewController.m */; };
		78FBB15B2068C4E7004F6E90 /* Main.storyboard in Resources */ = {isa = PBXBuildFile; fileRef = 78FBB1592068C4E7004F6E90 /* Main.storyboard */; };
		78FBB15E2068C4E7004F6E90 /* TableView.xcdatamodeld in Sources */ = {isa = PBXBuildFile; fileRef = 78FBB15C2068C4E7004F6E90 /* TableView.xcdatamodeld */; };
		78FBB1602068C4E7004F6E90 /* Assets.xcassets in Resources */ = {isa = PBXBuildFile; fileRef = 78FBB15F2068C4E7004F6E90 /* Assets.xcassets */; };
		78FBB1632068C4E7004F6E90 /* LaunchScreen.storyboard in Resources */ = {isa = PBXBuildFile; fileRef = 78FBB1612068C4E7004F6E90 /* LaunchScreen.storyboard */; };
		78FBB1662068C4E7004F6E90 /* main.m in Sources */ = {isa = PBXBuildFile; fileRef = 78FBB1652068C4E7004F6E90 /* main.m */; };
		78FBB1702068C4E7004F6E90 /* TableViewTests.m in Sources */ = {isa = PBXBuildFile; fileRef = 78FBB16F2068C4E7004F6E90 /* TableViewTests.m */; };
		78FBB17B2068C4E7004F6E90 /* TableViewUITests.m in Sources */ = {isa = PBXBuildFile; fileRef = 78FBB17A2068C4E7004F6E90 /* TableViewUITests.m */; };
		78FBB18A2068D7C4004F6E90 /* GroupViewController.m in Sources */ = {isa = PBXBuildFile; fileRef = 78FBB1892068D7C4004F6E90 /* GroupViewController.m */; };
/* End PBXBuildFile section */

/* Begin PBXContainerItemProxy section */
		78FBB16C2068C4E7004F6E90 /* PBXContainerItemProxy */ = {
			isa = PBXContainerItemProxy;
			containerPortal = 78FBB1482068C4E7004F6E90 /* Project object */;
			proxyType = 1;
			remoteGlobalIDString = 78FBB14F2068C4E7004F6E90;
			remoteInfo = TableView;
		};
		78FBB1772068C4E7004F6E90 /* PBXContainerItemProxy */ = {
			isa = PBXContainerItemProxy;
			containerPortal = 78FBB1482068C4E7004F6E90 /* Project object */;
			proxyType = 1;
			remoteGlobalIDString = 78FBB14F2068C4E7004F6E90;
			remoteInfo = TableView;
		};
/* End PBXContainerItemProxy section */

/* Begin PBXFileReference section */
		78FBB1502068C4E7004F6E90 /* TableView.app */ = {isa = PBXFileReference; explicitFileType = wrapper.application; includeInIndex = 0; path = TableView.app; sourceTree = BUILT_PRODUCTS_DIR; };
		78FBB1532068C4E7004F6E90 /* AppDelegate.h */ = {isa = PBXFileReference; lastKnownFileType = sourcecode.c.h; path = AppDelegate.h; sourceTree = "<group>"; };
		78FBB1542068C4E7004F6E90 /* AppDelegate.m */ = {isa = PBXFileReference; lastKnownFileType = sourcecode.c.objc; path = AppDelegate.m; sourceTree = "<group>"; };
		78FBB1562068C4E7004F6E90 /* ViewController.h */ = {isa = PBXFileReference; lastKnownFileType = sourcecode.c.h; path = ViewController.h; sourceTree = "<group>"; };
		78FBB1572068C4E7004F6E90 /* ViewController.m */ = {isa = PBXFileReference; lastKnownFileType = sourcecode.c.objc; path = ViewController.m; sourceTree = "<group>"; };
		78FBB15A2068C4E7004F6E90 /* Base */ = {isa = PBXFileReference; lastKnownFileType = file.storyboard; name = Base; path = Base.lproj/Main.storyboard; sourceTree = "<group>"; };
		78FBB15D2068C4E7004F6E90 /* TableView.xcdatamodel */ = {isa = PBXFileReference; lastKnownFileType = wrapper.xcdatamodel; path = TableView.xcdatamodel; sourceTree = "<group>"; };
		78FBB15F2068C4E7004F6E90 /* Assets.xcassets */ = {isa = PBXFileReference; lastKnownFileType = folder.assetcatalog; path = Assets.xcassets; sourceTree = "<group>"; };
		78FBB1622068C4E7004F6E90 /* Base */ = {isa = PBXFileReference; lastKnownFileType = file.storyboard; name = Base; path = Base.lproj/LaunchScreen.storyboard; sourceTree = "<group>"; };
		78FBB1642068C4E7004F6E90 /* Info.plist */ = {isa = PBXFileReference; lastKnownFileType = text.plist.xml; path = Info.plist; sourceTree = "<group>"; };
		78FBB1652068C4E7004F6E90 /* main.m */ = {isa = PBXFileReference; lastKnownFileType = sourcecode.c.objc; path = main.m; sourceTree = "<group>"; };
		78FBB16B2068C4E7004F6E90 /* TableViewTests.xctest */ = {isa = PBXFileReference; explicitFileType = wrapper.cfbundle; includeInIndex = 0; path = TableViewTests.xctest; sourceTree = BUILT_PRODUCTS_DIR; };
		78FBB16F2068C4E7004F6E90 /* TableViewTests.m */ = {isa = PBXFileReference; lastKnownFileType = sourcecode.c.objc; path = TableViewTests.m; sourceTree = "<group>"; };
		78FBB1712068C4E7004F6E90 /* Info.plist */ = {isa = PBXFileReference; lastKnownFileType = text.plist.xml; path = Info.plist; sourceTree = "<group>"; };
		78FBB1762068C4E7004F6E90 /* TableViewUITests.xctest */ = {isa = PBXFileReference; explicitFileType = wrapper.cfbundle; includeInIndex = 0; path = TableViewUITests.xctest; sourceTree = BUILT_PRODUCTS_DIR; };
		78FBB17A2068C4E7004F6E90 /* TableViewUITests.m */ = {isa = PBXFileReference; lastKnownFileType = sourcecode.c.objc; path = TableViewUITests.m; sourceTree = "<group>"; };
		78FBB17C2068C4E7004F6E90 /* Info.plist */ = {isa = PBXFileReference; lastKnownFileType = text.plist.xml; path = Info.plist; sourceTree = "<group>"; };
		78FBB1882068D7C4004F6E90 /* GroupViewController.h */ = {isa = PBXFileReference; lastKnownFileType = sourcecode.c.h; path = GroupViewController.h; sourceTree = "<group>"; };
		78FBB1892068D7C4004F6E90 /* GroupViewController.m */ = {isa = PBXFileReference; lastKnownFileType = sourcecode.c.objc; path = GroupViewController.m; sourceTree = "<group>"; };
/* End PBXFileReference section */

/* Begin PBXFrameworksBuildPhase section */
		78FBB14D2068C4E7004F6E90 /* Frameworks */ = {
			isa = PBXFrameworksBuildPhase;
			buildActionMask = 2147483647;
			files = (
			);
			runOnlyForDeploymentPostprocessing = 0;
		};
		78FBB1682068C4E7004F6E90 /* Frameworks */ = {
			isa = PBXFrameworksBuildPhase;
			buildActionMask = 2147483647;
			files = (
			);
			runOnlyForDeploymentPostprocessing = 0;
		};
		78FBB1732068C4E7004F6E90 /* Frameworks */ = {
			isa = PBXFrameworksBuildPhase;
			buildActionMask = 2147483647;
			files = (
			);
			runOnlyForDeploymentPostprocessing = 0;
		};
/* End PBXFrameworksBuildPhase section */

/* Begin PBXGroup section */
		78FBB1472068C4E7004F6E90 = {
			isa = PBXGroup;
			children = (
				78FBB1522068C4E7004F6E90 /* TableView */,
				78FBB16E2068C4E7004F6E90 /* TableViewTests */,
				78FBB1792068C4E7004F6E90 /* TableViewUITests */,
				78FBB1512068C4E7004F6E90 /* Products */,
			);
			sourceTree = "<group>";
		};
		78FBB1512068C4E7004F6E90 /* Products */ = {
			isa = PBXGroup;
			children = (
				78FBB1502068C4E7004F6E90 /* TableView.app */,
				78FBB16B2068C4E7004F6E90 /* TableViewTests.xctest */,
				78FBB1762068C4E7004F6E90 /* TableViewUITests.xctest */,
			);
			name = Products;
			sourceTree = "<group>";
		};
		78FBB1522068C4E7004F6E90 /* TableView */ = {
			isa = PBXGroup;
			children = (
				78FBB1532068C4E7004F6E90 /* AppDelegate.h */,
				78FBB1542068C4E7004F6E90 /* AppDelegate.m */,
				78FBB1562068C4E7004F6E90 /* ViewController.h */,
				78FBB1572068C4E7004F6E90 /* ViewController.m */,
				78FBB1882068D7C4004F6E90 /* GroupViewController.h */,
				78FBB1892068D7C4004F6E90 /* GroupViewController.m */,
				78FBB1592068C4E7004F6E90 /* Main.storyboard */,
				78FBB15F2068C4E7004F6E90 /* Assets.xcassets */,
				78FBB1612068C4E7004F6E90 /* LaunchScreen.storyboard */,
				78FBB1642068C4E7004F6E90 /* Info.plist */,
				78FBB1652068C4E7004F6E90 /* main.m */,
				78FBB15C2068C4E7004F6E90 /* TableView.xcdatamodeld */,
			);
			path = TableView;
			sourceTree = "<group>";
		};
		78FBB16E2068C4E7004F6E90 /* TableViewTests */ = {
			isa = PBXGroup;
			children = (
				78FBB16F2068C4E7004F6E90 /* TableViewTests.m */,
				78FBB1712068C4E7004F6E90 /* Info.plist */,
			);
			path = TableViewTests;
			sourceTree = "<group>";
		};
		78FBB1792068C4E7004F6E90 /* TableViewUITests */ = {
			isa = PBXGroup;
			children = (
				78FBB17A2068C4E7004F6E90 /* TableViewUITests.m */,
				78FBB17C2068C4E7004F6E90 /* Info.plist */,
			);
			path = TableViewUITests;
			sourceTree = "<group>";
		};
/* End PBXGroup section */

/* Begin PBXNativeTarget section */
		78FBB14F2068C4E7004F6E90 /* TableView */ = {
			isa = PBXNativeTarget;
			buildConfigurationList = 78FBB17F2068C4E7004F6E90 /* Build configuration list for PBXNativeTarget "TableView" */;
			buildPhases = (
				78FBB14C2068C4E7004F6E90 /* Sources */,
				78FBB14D2068C4E7004F6E90 /* Frameworks */,
				78FBB14E2068C4E7004F6E90 /* Resources */,
			);
			buildRules = (
			);
			dependencies = (
			);
			name = TableView;
			productName = TableView;
			productReference = 78FBB1502068C4E7004F6E90 /* TableView.app */;
			productType = "com.apple.product-type.application";
		};
		78FBB16A2068C4E7004F6E90 /* TableViewTests */ = {
			isa = PBXNativeTarget;
			buildConfigurationList = 78FBB1822068C4E7004F6E90 /* Build configuration list for PBXNativeTarget "TableViewTests" */;
			buildPhases = (
				78FBB1672068C4E7004F6E90 /* Sources */,
				78FBB1682068C4E7004F6E90 /* Frameworks */,
				78FBB1692068C4E7004F6E90 /* Resources */,
			);
			buildRules = (
			);
			dependencies = (
				78FBB16D2068C4E7004F6E90 /* PBXTargetDependency */,
			);
			name = TableViewTests;
			productName = TableViewTests;
			productReference = 78FBB16B2068C4E7004F6E90 /* TableViewTests.xctest */;
			productType = "com.apple.product-type.bundle.unit-test";
		};
		78FBB1752068C4E7004F6E90 /* TableViewUITests */ = {
			isa = PBXNativeTarget;
			buildConfigurationList = 78FBB1852068C4E7004F6E90 /* Build configuration list for PBXNativeTarget "TableViewUITests" */;
			buildPhases = (
				78FBB1722068C4E7004F6E90 /* Sources */,
				78FBB1732068C4E7004F6E90 /* Frameworks */,
				78FBB1742068C4E7004F6E90 /* Resources */,
			);
			buildRules = (
			);
			dependencies = (
				78FBB1782068C4E7004F6E90 /* PBXTargetDependency */,
			);
			name = TableViewUITests;
			productName = TableViewUITests;
			productReference = 78FBB1762068C4E7004F6E90 /* TableViewUITests.xctest */;
			productType = "com.apple.product-type.bundle.ui-testing";
		};
/* End PBXNativeTarget section */

/* Begin PBXProject section */
		78FBB1482068C4E7004F6E90 /* Project object */ = {
			isa = PBXProject;
			attributes = {
				LastUpgradeCheck = 0920;
				ORGANIZATIONNAME = "郭丰锐";
				TargetAttributes = {
					78FBB14F2068C4E7004F6E90 = {
						CreatedOnToolsVersion = 9.2;
						ProvisioningStyle = Automatic;
					};
					78FBB16A2068C4E7004F6E90 = {
						CreatedOnToolsVersion = 9.2;
						ProvisioningStyle = Automatic;
						TestTargetID = 78FBB14F2068C4E7004F6E90;
					};
					78FBB1752068C4E7004F6E90 = {
						CreatedOnToolsVersion = 9.2;
						ProvisioningStyle = Automatic;
						TestTargetID = 78FBB14F2068C4E7004F6E90;
					};
				};
			};
			buildConfigurationList = 78FBB14B2068C4E7004F6E90 /* Build configuration list for PBXProject "TableView" */;
			compatibilityVersion = "Xcode 8.0";
			developmentRegion = en;
			hasScannedForEncodings = 0;
			knownRegions = (
				en,
				Base,
			);
			mainGroup = 78FBB1472068C4E7004F6E90;
			productRefGroup = 78FBB1512068C4E7004F6E90 /* Products */;
			projectDirPath = "";
			projectRoot = "";
			targets = (
				78FBB14F2068C4E7004F6E90 /* TableView */,
				78FBB16A2068C4E7004F6E90 /* TableViewTests */,
				78FBB1752068C4E7004F6E90 /* TableViewUITests */,
			);
		};
/* End PBXProject section */

/* Begin PBXResourcesBuildPhase section */
		78FBB14E2068C4E7004F6E90 /* Resources */ = {
			isa = PBXResourcesBuildPhase;
			buildActionMask = 2147483647;
			files = (
				78FBB1632068C4E7004F6E90 /* LaunchScreen.storyboard in Resources */,
				78FBB1602068C4E7004F6E90 /* Assets.xcassets in Resources */,
				78FBB15B2068C4E7004F6E90 /* Main.storyboard in Resources */,
			);
			runOnlyForDeploymentPostprocessing = 0;
		};
		78FBB1692068C4E7004F6E90 /* Resources */ = {
			isa = PBXResourcesBuildPhase;
			buildActionMask = 2147483647;
			files = (
			);
			runOnlyForDeploymentPostprocessing = 0;
		};
		78FBB1742068C4E7004F6E90 /* Resources */ = {
			isa = PBXResourcesBuildPhase;
			buildActionMask = 2147483647;
			files = (
			);
			runOnlyForDeploymentPostprocessing = 0;
		};
/* End PBXResourcesBuildPhase section */

/* Begin PBXSourcesBuildPhase section */
		78FBB14C2068C4E7004F6E90 /* Sources */ = {
			isa = PBXSourcesBuildPhase;
			buildActionMask = 2147483647;
			files = (
				78FBB1582068C4E7004F6E90 /* ViewController.m in Sources */,
				78FBB15E2068C4E7004F6E90 /* TableView.xcdatamodeld in Sources */,
				78FBB1662068C4E7004F6E90 /* main.m in Sources */,
				78FBB18A2068D7C4004F6E90 /* GroupViewController.m in Sources */,
				78FBB1552068C4E7004F6E90 /* AppDelegate.m in Sources */,
			);
			runOnlyForDeploymentPostprocessing = 0;
		};
		78FBB1672068C4E7004F6E90 /* Sources */ = {
			isa = PBXSourcesBuildPhase;
			buildActionMask = 2147483647;
			files = (
				78FBB1702068C4E7004F6E90 /* TableViewTests.m in Sources */,
			);
			runOnlyForDeploymentPostprocessing = 0;
		};
		78FBB1722068C4E7004F6E90 /* Sources */ = {
			isa = PBXSourcesBuildPhase;
			buildActionMask = 2147483647;
			files = (
				78FBB17B2068C4E7004F6E90 /* TableViewUITests.m in Sources */,
			);
			runOnlyForDeploymentPostprocessing = 0;
		};
/* End PBXSourcesBuildPhase section */

/* Begin PBXTargetDependency section */
		78FBB16D2068C4E7004F6E90 /* PBXTargetDependency */ = {
			isa = PBXTargetDependency;
			target = 78FBB14F2068C4E7004F6E90 /* TableView */;
			targetProxy = 78FBB16C2068C4E7004F6E90 /* PBXContainerItemProxy */;
		};
		78FBB1782068C4E7004F6E90 /* PBXTargetDependency */ = {
			isa = PBXTargetDependency;
			target = 78FBB14F2068C4E7004F6E90 /* TableView */;
			targetProxy = 78FBB1772068C4E7004F6E90 /* PBXContainerItemProxy */;
		};
/* End PBXTargetDependency section */

/* Begin PBXVariantGroup section */
		78FBB1592068C4E7004F6E90 /* Main.storyboard */ = {
			isa = PBXVariantGroup;
			children = (
				78FBB15A2068C4E7004F6E90 /* Base */,
			);
			name = Main.storyboard;
			sourceTree = "<group>";
		};
		78FBB1612068C4E7004F6E90 /* LaunchScreen.storyboard */ = {
			isa = PBXVariantGroup;
			children = (
				78FBB1622068C4E7004F6E90 /* Base */,
			);
			name = LaunchScreen.storyboard;
			sourceTree = "<group>";
		};
/* End PBXVariantGroup section */

/* Begin XCBuildConfiguration section */
		78FBB17D2068C4E7004F6E90 /* Debug */ = {
			isa = XCBuildConfiguration;
			buildSettings = {
				ALWAYS_SEARCH_USER_PATHS = NO;
				CLANG_ANALYZER_NONNULL = YES;
				CLANG_ANALYZER_NUMBER_OBJECT_CONVERSION = YES_AGGRESSIVE;
				CLANG_CXX_LANGUAGE_STANDARD = "gnu++14";
				CLANG_CXX_LIBRARY = "libc++";
				CLANG_ENABLE_MODULES = YES;
				CLANG_ENABLE_OBJC_ARC = YES;
				CLANG_WARN_BLOCK_CAPTURE_AUTORELEASING = YES;
				CLANG_WARN_BOOL_CONVERSION = YES;
				CLANG_WARN_COMMA = YES;
				CLANG_WARN_CONSTANT_CONVERSION = YES;
				CLANG_WARN_DIRECT_OBJC_ISA_USAGE = YES_ERROR;
				CLANG_WARN_DOCUMENTATION_COMMENTS = YES;
				CLANG_WARN_EMPTY_BODY = YES;
				CLANG_WARN_ENUM_CONVERSION = YES;
				CLANG_WARN_INFINITE_RECURSION = YES;
				CLANG_WARN_INT_CONVERSION = YES;
				CLANG_WARN_NON_LITERAL_NULL_CONVERSION = YES;
				CLANG_WARN_OBJC_LITERAL_CONVERSION = YES;
				CLANG_WARN_OBJC_ROOT_CLASS = YES_ERROR;
				CLANG_WARN_RANGE_LOOP_ANALYSIS = YES;
				CLANG_WARN_STRICT_PROTOTYPES = YES;
				CLANG_WARN_SUSPICIOUS_MOVE = YES;
				CLANG_WARN_UNGUARDED_AVAILABILITY = YES_AGGRESSIVE;
				CLANG_WARN_UNREACHABLE_CODE = YES;
				CLANG_WARN__DUPLICATE_METHOD_MATCH = YES;
				CODE_SIGN_IDENTITY = "iPhone Developer";
				COPY_PHASE_STRIP = NO;
				DEBUG_INFORMATION_FORMAT = dwarf;
				ENABLE_STRICT_OBJC_MSGSEND = YES;
				ENABLE_TESTABILITY = YES;
				GCC_C_LANGUAGE_STANDARD = gnu11;
				GCC_DYNAMIC_NO_PIC = NO;
				GCC_NO_COMMON_BLOCKS = YES;
				GCC_OPTIMIZATION_LEVEL = 0;
				GCC_PREPROCESSOR_DEFINITIONS = (
					"DEBUG=1",
					"$(inherited)",
				);
				GCC_WARN_64_TO_32_BIT_CONVERSION = YES;
				GCC_WARN_ABOUT_RETURN_TYPE = YES_ERROR;
				GCC_WARN_UNDECLARED_SELECTOR = YES;
				GCC_WARN_UNINITIALIZED_AUTOS = YES_AGGRESSIVE;
				GCC_WARN_UNUSED_FUNCTION = YES;
				GCC_WARN_UNUSED_VARIABLE = YES;
				IPHONEOS_DEPLOYMENT_TARGET = 11.2;
				MTL_ENABLE_DEBUG_INFO = YES;
				ONLY_ACTIVE_ARCH = YES;
				SDKROOT = iphoneos;
			};
			name = Debug;
		};
		78FBB17E2068C4E7004F6E90 /* Release */ = {
			isa = XCBuildConfiguration;
			buildSettings = {
				ALWAYS_SEARCH_USER_PATHS = NO;
				CLANG_ANALYZER_NONNULL = YES;
				CLANG_ANALYZER_NUMBER_OBJECT_CONVERSION = YES_AGGRESSIVE;
				CLANG_CXX_LANGUAGE_STANDARD = "gnu++14";
				CLANG_CXX_LIBRARY = "libc++";
				CLANG_ENABLE_MODULES = YES;
				CLANG_ENABLE_OBJC_ARC = YES;
				CLANG_WARN_BLOCK_CAPTURE_AUTORELEASING = YES;
				CLANG_WARN_BOOL_CONVERSION = YES;
				CLANG_WARN_COMMA = YES;
				CLANG_WARN_CONSTANT_CONVERSION = YES;
				CLANG_WARN_DIRECT_OBJC_ISA_USAGE = YES_ERROR;
				CLANG_WARN_DOCUMENTATION_COMMENTS = YES;
				CLANG_WARN_EMPTY_BODY = YES;
				CLANG_WARN_ENUM_CONVERSION = YES;
				CLANG_WARN_INFINITE_RECURSION = YES;
				CLANG_WARN_INT_CONVERSION = YES;
				CLANG_WARN_NON_LITERAL_NULL_CONVERSION = YES;
				CLANG_WARN_OBJC_LITERAL_CONVERSION = YES;
				CLANG_WARN_OBJC_ROOT_CLASS = YES_ERROR;
				CLANG_WARN_RANGE_LOOP_ANALYSIS = YES;
				CLANG_WARN_STRICT_PROTOTYPES = YES;
				CLANG_WARN_SUSPICIOUS_MOVE = YES;
				CLANG_WARN_UNGUARDED_AVAILABILITY = YES_AGGRESSIVE;
				CLANG_WARN_UNREACHABLE_CODE = YES;
				CLANG_WARN__DUPLICATE_METHOD_MATCH = YES;
				CODE_SIGN_IDENTITY = "iPhone Developer";
				COPY_PHASE_STRIP = NO;
				DEBUG_INFORMATION_FORMAT = "dwarf-with-dsym";
				ENABLE_NS_ASSERTIONS = NO;
				ENABLE_STRICT_OBJC_MSGSEND = YES;
				GCC_C_LANGUAGE_STANDARD = gnu11;
				GCC_NO_COMMON_BLOCKS = YES;
				GCC_WARN_64_TO_32_BIT_CONVERSION = YES;
				GCC_WARN_ABOUT_RETURN_TYPE = YES_ERROR;
				GCC_WARN_UNDECLARED_SELECTOR = YES;
				GCC_WARN_UNINITIALIZED_AUTOS = YES_AGGRESSIVE;
				GCC_WARN_UNUSED_FUNCTION = YES;
				GCC_WARN_UNUSED_VARIABLE = YES;
				IPHONEOS_DEPLOYMENT_TARGET = 11.2;
				MTL_ENABLE_DEBUG_INFO = NO;
				SDKROOT = iphoneos;
				VALIDATE_PRODUCT = YES;
			};
			name = Release;
		};
		78FBB1802068C4E7004F6E90 /* Debug */ = {
			isa = XCBuildConfiguration;
			buildSettings = {
				ASSETCATALOG_COMPILER_APPICON_NAME = AppIcon;
				CODE_SIGN_STYLE = Automatic;
				DEVELOPMENT_TEAM = 83A3UH43TP;
				INFOPLIST_FILE = TableView/Info.plist;
				LD_RUNPATH_SEARCH_PATHS = "$(inherited) @executable_path/Frameworks";
				PRODUCT_BUNDLE_IDENTIFIER = com.gfr.apple.TableView;
				PRODUCT_NAME = "$(TARGET_NAME)";
				TARGETED_DEVICE_FAMILY = "1,2";
			};
			name = Debug;
		};
		78FBB1812068C4E7004F6E90 /* Release */ = {
			isa = XCBuildConfiguration;
			buildSettings = {
				ASSETCATALOG_COMPILER_APPICON_NAME = AppIcon;
				CODE_SIGN_STYLE = Automatic;
				DEVELOPMENT_TEAM = 83A3UH43TP;
				INFOPLIST_FILE = TableView/Info.plist;
				LD_RUNPATH_SEARCH_PATHS = "$(inherited) @executable_path/Frameworks";
				PRODUCT_BUNDLE_IDENTIFIER = com.gfr.apple.TableView;
				PRODUCT_NAME = "$(TARGET_NAME)";
				TARGETED_DEVICE_FAMILY = "1,2";
			};
			name = Release;
		};
		78FBB1832068C4E7004F6E90 /* Debug */ = {
			isa = XCBuildConfiguration;
			buildSettings = {
				BUNDLE_LOADER = "$(TEST_HOST)";
				CODE_SIGN_STYLE = Automatic;
				DEVELOPMENT_TEAM = 83A3UH43TP;
				INFOPLIST_FILE = TableViewTests/Info.plist;
				LD_RUNPATH_SEARCH_PATHS = "$(inherited) @executable_path/Frameworks @loader_path/Frameworks";
				PRODUCT_BUNDLE_IDENTIFIER = com.gfr.apple.TableViewTests;
				PRODUCT_NAME = "$(TARGET_NAME)";
				TARGETED_DEVICE_FAMILY = "1,2";
				TEST_HOST = "$(BUILT_PRODUCTS_DIR)/TableView.app/TableView";
			};
			name = Debug;
		};
		78FBB1842068C4E7004F6E90 /* Release */ = {
			isa = XCBuildConfiguration;
			buildSettings = {
				BUNDLE_LOADER = "$(TEST_HOST)";
				CODE_SIGN_STYLE = Automatic;
				DEVELOPMENT_TEAM = 83A3UH43TP;
				INFOPLIST_FILE = TableViewTests/Info.plist;
				LD_RUNPATH_SEARCH_PATHS = "$(inherited) @executable_path/Frameworks @loader_path/Frameworks";
				PRODUCT_BUNDLE_IDENTIFIER = com.gfr.apple.TableViewTests;
				PRODUCT_NAME = "$(TARGET_NAME)";
				TARGETED_DEVICE_FAMILY = "1,2";
				TEST_HOST = "$(BUILT_PRODUCTS_DIR)/TableView.app/TableView";
			};
			name = Release;
		};
		78FBB1862068C4E7004F6E90 /* Debug */ = {
			isa = XCBuildConfiguration;
			buildSettings = {
				CODE_SIGN_STYLE = Automatic;
				DEVELOPMENT_TEAM = 83A3UH43TP;
				INFOPLIST_FILE = TableViewUITests/Info.plist;
				LD_RUNPATH_SEARCH_PATHS = "$(inherited) @executable_path/Frameworks @loader_path/Frameworks";
				PRODUCT_BUNDLE_IDENTIFIER = com.gfr.apple.TableViewUITests;
				PRODUCT_NAME = "$(TARGET_NAME)";
				TARGETED_DEVICE_FAMILY = "1,2";
				TEST_TARGET_NAME = TableView;
			};
			name = Debug;
		};
		78FBB1872068C4E7004F6E90 /* Release */ = {
			isa = XCBuildConfiguration;
			buildSettings = {
				CODE_SIGN_STYLE = Automatic;
				DEVELOPMENT_TEAM = 83A3UH43TP;
				INFOPLIST_FILE = TableViewUITests/Info.plist;
				LD_RUNPATH_SEARCH_PATHS = "$(inherited) @executable_path/Frameworks @loader_path/Frameworks";
				PRODUCT_BUNDLE_IDENTIFIER = com.gfr.apple.TableViewUITests;
				PRODUCT_NAME = "$(TARGET_NAME)";
				TARGETED_DEVICE_FAMILY = "1,2";
				TEST_TARGET_NAME = TableView;
			};
			name = Release;
		};
/* End XCBuildConfiguration section */

/* Begin XCConfigurationList section */
		78FBB14B2068C4E7004F6E90 /* Build configuration list for PBXProject "TableView" */ = {
			isa = XCConfigurationList;
			buildConfigurations = (
				78FBB17D2068C4E7004F6E90 /* Debug */,
				78FBB17E2068C4E7004F6E90 /* Release */,
			);
			defaultConfigurationIsVisible = 0;
			defaultConfigurationName = Release;
		};
		78FBB17F2068C4E7004F6E90 /* Build configuration list for PBXNativeTarget "TableView" */ = {
			isa = XCConfigurationList;
			buildConfigurations = (
				78FBB1802068C4E7004F6E90 /* Debug */,
				78FBB1812068C4E7004F6E90 /* Release */,
			);
			defaultConfigurationIsVisible = 0;
			defaultConfigurationName = Release;
		};
		78FBB1822068C4E7004F6E90 /* Build configuration list for PBXNativeTarget "TableViewTests" */ = {
			isa = XCConfigurationList;
			buildConfigurations = (
				78FBB1832068C4E7004F6E90 /* Debug */,
				78FBB1842068C4E7004F6E90 /* Release */,
			);
			defaultConfigurationIsVisible = 0;
			defaultConfigurationName = Release;
		};
		78FBB1852068C4E7004F6E90 /* Build configuration list for PBXNativeTarget "TableViewUITests" */ = {
			isa = XCConfigurationList;
			buildConfigurations = (
				78FBB1862068C4E7004F6E90 /* Debug */,
				78FBB1872068C4E7004F6E90 /* Release */,
			);
			defaultConfigurationIsVisible = 0;
			defaultConfigurationName = Release;
		};
/* End XCConfigurationList section */

/* Begin XCVersionGroup section */
		78FBB15C2068C4E7004F6E90 /* TableView.xcdatamodeld */ = {
			isa = XCVersionGroup;
			children = (
				78FBB15D2068C4E7004F6E90 /* TableView.xcdatamodel */,
			);
			currentVersion = 78FBB15D2068C4E7004F6E90 /* TableView.xcdatamodel */;
			path = TableView.xcdatamodeld;
			sourceTree = "<group>";
			versionGroupType = wrapper.xcdatamodel;
		};
/* End XCVersionGroup section */
	};
	rootObject = 78FBB1482068C4E7004F6E90 /* Project object */;
}
