// !$*UTF8*$!
{
	archiveVersion = 1;
	classes = {
	};
	objectVersion = 50;
	objects = {

/* Begin PBXBuildFile section */
		78258D8F2091A42F007AD06D /* AppDelegate.m in Sources */ = {isa = PBXBuildFile; fileRef = 78258D8E2091A42F007AD06D /* AppDelegate.m */; };
		78258D922091A42F007AD06D /* ViewController.m in Sources */ = {isa = PBXBuildFile; fileRef = 78258D912091A42F007AD06D /* ViewController.m */; };
		78258D952091A42F007AD06D /* Main.storyboard in Resources */ = {isa = PBXBuildFile; fileRef = 78258D932091A42F007AD06D /* Main.storyboard */; };
		78258D972091A430007AD06D /* Assets.xcassets in Resources */ = {isa = PBXBuildFile; fileRef = 78258D962091A430007AD06D /* Assets.xcassets */; };
		78258D9A2091A430007AD06D /* LaunchScreen.storyboard in Resources */ = {isa = PBXBuildFile; fileRef = 78258D982091A430007AD06D /* LaunchScreen.storyboard */; };
		78258D9D2091A430007AD06D /* main.m in Sources */ = {isa = PBXBuildFile; fileRef = 78258D9C2091A430007AD06D /* main.m */; };
		78258DA72091A430007AD06D /* KVOTests.m in Sources */ = {isa = PBXBuildFile; fileRef = 78258DA62091A430007AD06D /* KVOTests.m */; };
		78258DB22091A430007AD06D /* KVOUITests.m in Sources */ = {isa = PBXBuildFile; fileRef = 78258DB12091A430007AD06D /* KVOUITests.m */; };
		78258DC12091A476007AD06D /* Movie.m in Sources */ = {isa = PBXBuildFile; fileRef = 78258DC02091A476007AD06D /* Movie.m */; };
/* End PBXBuildFile section */

/* Begin PBXContainerItemProxy section */
		78258DA32091A430007AD06D /* PBXContainerItemProxy */ = {
			isa = PBXContainerItemProxy;
			containerPortal = 78258D822091A42F007AD06D /* Project object */;
			proxyType = 1;
			remoteGlobalIDString = 78258D892091A42F007AD06D;
			remoteInfo = KVO;
		};
		78258DAE2091A430007AD06D /* PBXContainerItemProxy */ = {
			isa = PBXContainerItemProxy;
			containerPortal = 78258D822091A42F007AD06D /* Project object */;
			proxyType = 1;
			remoteGlobalIDString = 78258D892091A42F007AD06D;
			remoteInfo = KVO;
		};
/* End PBXContainerItemProxy section */

/* Begin PBXFileReference section */
		78258D8A2091A42F007AD06D /* KVO.app */ = {isa = PBXFileReference; explicitFileType = wrapper.application; includeInIndex = 0; path = KVO.app; sourceTree = BUILT_PRODUCTS_DIR; };
		78258D8D2091A42F007AD06D /* AppDelegate.h */ = {isa = PBXFileReference; lastKnownFileType = sourcecode.c.h; path = AppDelegate.h; sourceTree = "<group>"; };
		78258D8E2091A42F007AD06D /* AppDelegate.m */ = {isa = PBXFileReference; lastKnownFileType = sourcecode.c.objc; path = AppDelegate.m; sourceTree = "<group>"; };
		78258D902091A42F007AD06D /* ViewController.h */ = {isa = PBXFileReference; lastKnownFileType = sourcecode.c.h; path = ViewController.h; sourceTree = "<group>"; };
		78258D912091A42F007AD06D /* ViewController.m */ = {isa = PBXFileReference; lastKnownFileType = sourcecode.c.objc; path = ViewController.m; sourceTree = "<group>"; };
		78258D942091A42F007AD06D /* Base */ = {isa = PBXFileReference; lastKnownFileType = file.storyboard; name = Base; path = Base.lproj/Main.storyboard; sourceTree = "<group>"; };
		78258D962091A430007AD06D /* Assets.xcassets */ = {isa = PBXFileReference; lastKnownFileType = folder.assetcatalog; path = Assets.xcassets; sourceTree = "<group>"; };
		78258D992091A430007AD06D /* Base */ = {isa = PBXFileReference; lastKnownFileType = file.storyboard; name = Base; path = Base.lproj/LaunchScreen.storyboard; sourceTree = "<group>"; };
		78258D9B2091A430007AD06D /* Info.plist */ = {isa = PBXFileReference; lastKnownFileType = text.plist.xml; path = Info.plist; sourceTree = "<group>"; };
		78258D9C2091A430007AD06D /* main.m */ = {isa = PBXFileReference; lastKnownFileType = sourcecode.c.objc; path = main.m; sourceTree = "<group>"; };
		78258DA22091A430007AD06D /* KVOTests.xctest */ = {isa = PBXFileReference; explicitFileType = wrapper.cfbundle; includeInIndex = 0; path = KVOTests.xctest; sourceTree = BUILT_PRODUCTS_DIR; };
		78258DA62091A430007AD06D /* KVOTests.m */ = {isa = PBXFileReference; lastKnownFileType = sourcecode.c.objc; path = KVOTests.m; sourceTree = "<group>"; };
		78258DA82091A430007AD06D /* Info.plist */ = {isa = PBXFileReference; lastKnownFileType = text.plist.xml; path = Info.plist; sourceTree = "<group>"; };
		78258DAD2091A430007AD06D /* KVOUITests.xctest */ = {isa = PBXFileReference; explicitFileType = wrapper.cfbundle; includeInIndex = 0; path = KVOUITests.xctest; sourceTree = BUILT_PRODUCTS_DIR; };
		78258DB12091A430007AD06D /* KVOUITests.m */ = {isa = PBXFileReference; lastKnownFileType = sourcecode.c.objc; path = KVOUITests.m; sourceTree = "<group>"; };
		78258DB32091A430007AD06D /* Info.plist */ = {isa = PBXFileReference; lastKnownFileType = text.plist.xml; path = Info.plist; sourceTree = "<group>"; };
		78258DBF2091A476007AD06D /* Movie.h */ = {isa = PBXFileReference; lastKnownFileType = sourcecode.c.h; path = Movie.h; sourceTree = "<group>"; };
		78258DC02091A476007AD06D /* Movie.m */ = {isa = PBXFileReference; lastKnownFileType = sourcecode.c.objc; path = Movie.m; sourceTree = "<group>"; };
/* End PBXFileReference section */

/* Begin PBXFrameworksBuildPhase section */
		78258D872091A42F007AD06D /* Frameworks */ = {
			isa = PBXFrameworksBuildPhase;
			buildActionMask = 2147483647;
			files = (
			);
			runOnlyForDeploymentPostprocessing = 0;
		};
		78258D9F2091A430007AD06D /* Frameworks */ = {
			isa = PBXFrameworksBuildPhase;
			buildActionMask = 2147483647;
			files = (
			);
			runOnlyForDeploymentPostprocessing = 0;
		};
		78258DAA2091A430007AD06D /* Frameworks */ = {
			isa = PBXFrameworksBuildPhase;
			buildActionMask = 2147483647;
			files = (
			);
			runOnlyForDeploymentPostprocessing = 0;
		};
/* End PBXFrameworksBuildPhase section */

/* Begin PBXGroup section */
		78258D812091A42F007AD06D = {
			isa = PBXGroup;
			children = (
				78258D8C2091A42F007AD06D /* KVO */,
				78258DA52091A430007AD06D /* KVOTests */,
				78258DB02091A430007AD06D /* KVOUITests */,
				78258D8B2091A42F007AD06D /* Products */,
			);
			sourceTree = "<group>";
		};
		78258D8B2091A42F007AD06D /* Products */ = {
			isa = PBXGroup;
			children = (
				78258D8A2091A42F007AD06D /* KVO.app */,
				78258DA22091A430007AD06D /* KVOTests.xctest */,
				78258DAD2091A430007AD06D /* KVOUITests.xctest */,
			);
			name = Products;
			sourceTree = "<group>";
		};
		78258D8C2091A42F007AD06D /* KVO */ = {
			isa = PBXGroup;
			children = (
				78258D8D2091A42F007AD06D /* AppDelegate.h */,
				78258D8E2091A42F007AD06D /* AppDelegate.m */,
				78258D902091A42F007AD06D /* ViewController.h */,
				78258D912091A42F007AD06D /* ViewController.m */,
				78258DBF2091A476007AD06D /* Movie.h */,
				78258DC02091A476007AD06D /* Movie.m */,
				78258D932091A42F007AD06D /* Main.storyboard */,
				78258D962091A430007AD06D /* Assets.xcassets */,
				78258D982091A430007AD06D /* LaunchScreen.storyboard */,
				78258D9B2091A430007AD06D /* Info.plist */,
				78258D9C2091A430007AD06D /* main.m */,
			);
			path = KVO;
			sourceTree = "<group>";
		};
		78258DA52091A430007AD06D /* KVOTests */ = {
			isa = PBXGroup;
			children = (
				78258DA62091A430007AD06D /* KVOTests.m */,
				78258DA82091A430007AD06D /* Info.plist */,
			);
			path = KVOTests;
			sourceTree = "<group>";
		};
		78258DB02091A430007AD06D /* KVOUITests */ = {
			isa = PBXGroup;
			children = (
				78258DB12091A430007AD06D /* KVOUITests.m */,
				78258DB32091A430007AD06D /* Info.plist */,
			);
			path = KVOUITests;
			sourceTree = "<group>";
		};
/* End PBXGroup section */

/* Begin PBXNativeTarget section */
		78258D892091A42F007AD06D /* KVO */ = {
			isa = PBXNativeTarget;
			buildConfigurationList = 78258DB62091A430007AD06D /* Build configuration list for PBXNativeTarget "KVO" */;
			buildPhases = (
				78258D862091A42F007AD06D /* Sources */,
				78258D872091A42F007AD06D /* Frameworks */,
				78258D882091A42F007AD06D /* Resources */,
			);
			buildRules = (
			);
			dependencies = (
			);
			name = KVO;
			productName = KVO;
			productReference = 78258D8A2091A42F007AD06D /* KVO.app */;
			productType = "com.apple.product-type.application";
		};
		78258DA12091A430007AD06D /* KVOTests */ = {
			isa = PBXNativeTarget;
			buildConfigurationList = 78258DB92091A430007AD06D /* Build configuration list for PBXNativeTarget "KVOTests" */;
			buildPhases = (
				78258D9E2091A430007AD06D /* Sources */,
				78258D9F2091A430007AD06D /* Frameworks */,
				78258DA02091A430007AD06D /* Resources */,
			);
			buildRules = (
			);
			dependencies = (
				78258DA42091A430007AD06D /* PBXTargetDependency */,
			);
			name = KVOTests;
			productName = KVOTests;
			productReference = 78258DA22091A430007AD06D /* KVOTests.xctest */;
			productType = "com.apple.product-type.bundle.unit-test";
		};
		78258DAC2091A430007AD06D /* KVOUITests */ = {
			isa = PBXNativeTarget;
			buildConfigurationList = 78258DBC2091A430007AD06D /* Build configuration list for PBXNativeTarget "KVOUITests" */;
			buildPhases = (
				78258DA92091A430007AD06D /* Sources */,
				78258DAA2091A430007AD06D /* Frameworks */,
				78258DAB2091A430007AD06D /* Resources */,
			);
			buildRules = (
			);
			dependencies = (
				78258DAF2091A430007AD06D /* PBXTargetDependency */,
			);
			name = KVOUITests;
			productName = KVOUITests;
			productReference = 78258DAD2091A430007AD06D /* KVOUITests.xctest */;
			productType = "com.apple.product-type.bundle.ui-testing";
		};
/* End PBXNativeTarget section */

/* Begin PBXProject section */
		78258D822091A42F007AD06D /* Project object */ = {
			isa = PBXProject;
			attributes = {
				LastUpgradeCheck = 0930;
				ORGANIZATIONNAME = "郭丰锐";
				TargetAttributes = {
					78258D892091A42F007AD06D = {
						CreatedOnToolsVersion = 9.3;
					};
					78258DA12091A430007AD06D = {
						CreatedOnToolsVersion = 9.3;
						TestTargetID = 78258D892091A42F007AD06D;
					};
					78258DAC2091A430007AD06D = {
						CreatedOnToolsVersion = 9.3;
						TestTargetID = 78258D892091A42F007AD06D;
					};
				};
			};
			buildConfigurationList = 78258D852091A42F007AD06D /* Build configuration list for PBXProject "KVO" */;
			compatibilityVersion = "Xcode 9.3";
			developmentRegion = en;
			hasScannedForEncodings = 0;
			knownRegions = (
				en,
				Base,
			);
			mainGroup = 78258D812091A42F007AD06D;
			productRefGroup = 78258D8B2091A42F007AD06D /* Products */;
			projectDirPath = "";
			projectRoot = "";
			targets = (
				78258D892091A42F007AD06D /* KVO */,
				78258DA12091A430007AD06D /* KVOTests */,
				78258DAC2091A430007AD06D /* KVOUITests */,
			);
		};
/* End PBXProject section */

/* Begin PBXResourcesBuildPhase section */
		78258D882091A42F007AD06D /* Resources */ = {
			isa = PBXResourcesBuildPhase;
			buildActionMask = 2147483647;
			files = (
				78258D9A2091A430007AD06D /* LaunchScreen.storyboard in Resources */,
				78258D972091A430007AD06D /* Assets.xcassets in Resources */,
				78258D952091A42F007AD06D /* Main.storyboard in Resources */,
			);
			runOnlyForDeploymentPostprocessing = 0;
		};
		78258DA02091A430007AD06D /* Resources */ = {
			isa = PBXResourcesBuildPhase;
			buildActionMask = 2147483647;
			files = (
			);
			runOnlyForDeploymentPostprocessing = 0;
		};
		78258DAB2091A430007AD06D /* Resources */ = {
			isa = PBXResourcesBuildPhase;
			buildActionMask = 2147483647;
			files = (
			);
			runOnlyForDeploymentPostprocessing = 0;
		};
/* End PBXResourcesBuildPhase section */

/* Begin PBXSourcesBuildPhase section */
		78258D862091A42F007AD06D /* Sources */ = {
			isa = PBXSourcesBuildPhase;
			buildActionMask = 2147483647;
			files = (
				78258D922091A42F007AD06D /* ViewController.m in Sources */,
				78258D9D2091A430007AD06D /* main.m in Sources */,
				78258DC12091A476007AD06D /* Movie.m in Sources */,
				78258D8F2091A42F007AD06D /* AppDelegate.m in Sources */,
			);
			runOnlyForDeploymentPostprocessing = 0;
		};
		78258D9E2091A430007AD06D /* Sources */ = {
			isa = PBXSourcesBuildPhase;
			buildActionMask = 2147483647;
			files = (
				78258DA72091A430007AD06D /* KVOTests.m in Sources */,
			);
			runOnlyForDeploymentPostprocessing = 0;
		};
		78258DA92091A430007AD06D /* Sources */ = {
			isa = PBXSourcesBuildPhase;
			buildActionMask = 2147483647;
			files = (
				78258DB22091A430007AD06D /* KVOUITests.m in Sources */,
			);
			runOnlyForDeploymentPostprocessing = 0;
		};
/* End PBXSourcesBuildPhase section */

/* Begin PBXTargetDependency section */
		78258DA42091A430007AD06D /* PBXTargetDependency */ = {
			isa = PBXTargetDependency;
			target = 78258D892091A42F007AD06D /* KVO */;
			targetProxy = 78258DA32091A430007AD06D /* PBXContainerItemProxy */;
		};
		78258DAF2091A430007AD06D /* PBXTargetDependency */ = {
			isa = PBXTargetDependency;
			target = 78258D892091A42F007AD06D /* KVO */;
			targetProxy = 78258DAE2091A430007AD06D /* PBXContainerItemProxy */;
		};
/* End PBXTargetDependency section */

/* Begin PBXVariantGroup section */
		78258D932091A42F007AD06D /* Main.storyboard */ = {
			isa = PBXVariantGroup;
			children = (
				78258D942091A42F007AD06D /* Base */,
			);
			name = Main.storyboard;
			sourceTree = "<group>";
		};
		78258D982091A430007AD06D /* LaunchScreen.storyboard */ = {
			isa = PBXVariantGroup;
			children = (
				78258D992091A430007AD06D /* Base */,
			);
			name = LaunchScreen.storyboard;
			sourceTree = "<group>";
		};
/* End PBXVariantGroup section */

/* Begin XCBuildConfiguration section */
		78258DB42091A430007AD06D /* Debug */ = {
			isa = XCBuildConfiguration;
			buildSettings = {
				ALWAYS_SEARCH_USER_PATHS = NO;
				CLANG_ANALYZER_NONNULL = YES;
				CLANG_ANALYZER_NUMBER_OBJECT_CONVERSION = YES_AGGRESSIVE;
				CLANG_CXX_LANGUAGE_STANDARD = "gnu++14";
				CLANG_CXX_LIBRARY = "libc++";
				CLANG_ENABLE_MODULES = YES;
				CLANG_ENABLE_OBJC_ARC = YES;
				CLANG_ENABLE_OBJC_WEAK = YES;
				CLANG_WARN_BLOCK_CAPTURE_AUTORELEASING = YES;
				CLANG_WARN_BOOL_CONVERSION = YES;
				CLANG_WARN_COMMA = YES;
				CLANG_WARN_CONSTANT_CONVERSION = YES;
				CLANG_WARN_DEPRECATED_OBJC_IMPLEMENTATIONS = YES;
				CLANG_WARN_DIRECT_OBJC_ISA_USAGE = YES_ERROR;
				CLANG_WARN_DOCUMENTATION_COMMENTS = YES;
				CLANG_WARN_EMPTY_BODY = YES;
				CLANG_WARN_ENUM_CONVERSION = YES;
				CLANG_WARN_INFINITE_RECURSION = YES;
				CLANG_WARN_INT_CONVERSION = YES;
				CLANG_WARN_NON_LITERAL_NULL_CONVERSION = YES;
				CLANG_WARN_OBJC_IMPLICIT_RETAIN_SELF = YES;
				CLANG_WARN_OBJC_LITERAL_CONVERSION = YES;
				CLANG_WARN_OBJC_ROOT_CLASS = YES_ERROR;
				CLANG_WARN_RANGE_LOOP_ANALYSIS = YES;
				CLANG_WARN_STRICT_PROTOTYPES = YES;
				CLANG_WARN_SUSPICIOUS_MOVE = YES;
				CLANG_WARN_UNGUARDED_AVAILABILITY = YES_AGGRESSIVE;
				CLANG_WARN_UNREACHABLE_CODE = YES;
				CLANG_WARN__DUPLICATE_METHOD_MATCH = YES;
				CODE_SIGN_IDENTITY = "iPhone Developer";
				COPY_PHASE_STRIP = NO;
				DEBUG_INFORMATION_FORMAT = dwarf;
				ENABLE_STRICT_OBJC_MSGSEND = YES;
				ENABLE_TESTABILITY = YES;
				GCC_C_LANGUAGE_STANDARD = gnu11;
				GCC_DYNAMIC_NO_PIC = NO;
				GCC_NO_COMMON_BLOCKS = YES;
				GCC_OPTIMIZATION_LEVEL = 0;
				GCC_PREPROCESSOR_DEFINITIONS = (
					"DEBUG=1",
					"$(inherited)",
				);
				GCC_WARN_64_TO_32_BIT_CONVERSION = YES;
				GCC_WARN_ABOUT_RETURN_TYPE = YES_ERROR;
				GCC_WARN_UNDECLARED_SELECTOR = YES;
				GCC_WARN_UNINITIALIZED_AUTOS = YES_AGGRESSIVE;
				GCC_WARN_UNUSED_FUNCTION = YES;
				GCC_WARN_UNUSED_VARIABLE = YES;
				IPHONEOS_DEPLOYMENT_TARGET = 11.3;
				MTL_ENABLE_DEBUG_INFO = YES;
				ONLY_ACTIVE_ARCH = YES;
				SDKROOT = iphoneos;
			};
			name = Debug;
		};
		78258DB52091A430007AD06D /* Release */ = {
			isa = XCBuildConfiguration;
			buildSettings = {
				ALWAYS_SEARCH_USER_PATHS = NO;
				CLANG_ANALYZER_NONNULL = YES;
				CLANG_ANALYZER_NUMBER_OBJECT_CONVERSION = YES_AGGRESSIVE;
				CLANG_CXX_LANGUAGE_STANDARD = "gnu++14";
				CLANG_CXX_LIBRARY = "libc++";
				CLANG_ENABLE_MODULES = YES;
				CLANG_ENABLE_OBJC_ARC = YES;
				CLANG_ENABLE_OBJC_WEAK = YES;
				CLANG_WARN_BLOCK_CAPTURE_AUTORELEASING = YES;
				CLANG_WARN_BOOL_CONVERSION = YES;
				CLANG_WARN_COMMA = YES;
				CLANG_WARN_CONSTANT_CONVERSION = YES;
				CLANG_WARN_DEPRECATED_OBJC_IMPLEMENTATIONS = YES;
				CLANG_WARN_DIRECT_OBJC_ISA_USAGE = YES_ERROR;
				CLANG_WARN_DOCUMENTATION_COMMENTS = YES;
				CLANG_WARN_EMPTY_BODY = YES;
				CLANG_WARN_ENUM_CONVERSION = YES;
				CLANG_WARN_INFINITE_RECURSION = YES;
				CLANG_WARN_INT_CONVERSION = YES;
				CLANG_WARN_NON_LITERAL_NULL_CONVERSION = YES;
				CLANG_WARN_OBJC_IMPLICIT_RETAIN_SELF = YES;
				CLANG_WARN_OBJC_LITERAL_CONVERSION = YES;
				CLANG_WARN_OBJC_ROOT_CLASS = YES_ERROR;
				CLANG_WARN_RANGE_LOOP_ANALYSIS = YES;
				CLANG_WARN_STRICT_PROTOTYPES = YES;
				CLANG_WARN_SUSPICIOUS_MOVE = YES;
				CLANG_WARN_UNGUARDED_AVAILABILITY = YES_AGGRESSIVE;
				CLANG_WARN_UNREACHABLE_CODE = YES;
				CLANG_WARN__DUPLICATE_METHOD_MATCH = YES;
				CODE_SIGN_IDENTITY = "iPhone Developer";
				COPY_PHASE_STRIP = NO;
				DEBUG_INFORMATION_FORMAT = "dwarf-with-dsym";
				ENABLE_NS_ASSERTIONS = NO;
				ENABLE_STRICT_OBJC_MSGSEND = YES;
				GCC_C_LANGUAGE_STANDARD = gnu11;
				GCC_NO_COMMON_BLOCKS = YES;
				GCC_WARN_64_TO_32_BIT_CONVERSION = YES;
				GCC_WARN_ABOUT_RETURN_TYPE = YES_ERROR;
				GCC_WARN_UNDECLARED_SELECTOR = YES;
				GCC_WARN_UNINITIALIZED_AUTOS = YES_AGGRESSIVE;
				GCC_WARN_UNUSED_FUNCTION = YES;
				GCC_WARN_UNUSED_VARIABLE = YES;
				IPHONEOS_DEPLOYMENT_TARGET = 11.3;
				MTL_ENABLE_DEBUG_INFO = NO;
				SDKROOT = iphoneos;
				VALIDATE_PRODUCT = YES;
			};
			name = Release;
		};
		78258DB72091A430007AD06D /* Debug */ = {
			isa = XCBuildConfiguration;
			buildSettings = {
				ASSETCATALOG_COMPILER_APPICON_NAME = AppIcon;
				CODE_SIGN_STYLE = Automatic;
				DEVELOPMENT_TEAM = 83A3UH43TP;
				INFOPLIST_FILE = KVO/Info.plist;
				LD_RUNPATH_SEARCH_PATHS = (
					"$(inherited)",
					"@executable_path/Frameworks",
				);
				PRODUCT_BUNDLE_IDENTIFIER = com.gfr.apple.KVO;
				PRODUCT_NAME = "$(TARGET_NAME)";
				TARGETED_DEVICE_FAMILY = "1,2";
			};
			name = Debug;
		};
		78258DB82091A430007AD06D /* Release */ = {
			isa = XCBuildConfiguration;
			buildSettings = {
				ASSETCATALOG_COMPILER_APPICON_NAME = AppIcon;
				CODE_SIGN_STYLE = Automatic;
				DEVELOPMENT_TEAM = 83A3UH43TP;
				INFOPLIST_FILE = KVO/Info.plist;
				LD_RUNPATH_SEARCH_PATHS = (
					"$(inherited)",
					"@executable_path/Frameworks",
				);
				PRODUCT_BUNDLE_IDENTIFIER = com.gfr.apple.KVO;
				PRODUCT_NAME = "$(TARGET_NAME)";
				TARGETED_DEVICE_FAMILY = "1,2";
			};
			name = Release;
		};
		78258DBA2091A430007AD06D /* Debug */ = {
			isa = XCBuildConfiguration;
			buildSettings = {
				BUNDLE_LOADER = "$(TEST_HOST)";
				CODE_SIGN_STYLE = Automatic;
				DEVELOPMENT_TEAM = 83A3UH43TP;
				INFOPLIST_FILE = KVOTests/Info.plist;
				LD_RUNPATH_SEARCH_PATHS = (
					"$(inherited)",
					"@executable_path/Frameworks",
					"@loader_path/Frameworks",
				);
				PRODUCT_BUNDLE_IDENTIFIER = com.gfr.apple.KVOTests;
				PRODUCT_NAME = "$(TARGET_NAME)";
				TARGETED_DEVICE_FAMILY = "1,2";
				TEST_HOST = "$(BUILT_PRODUCTS_DIR)/KVO.app/KVO";
			};
			name = Debug;
		};
		78258DBB2091A430007AD06D /* Release */ = {
			isa = XCBuildConfiguration;
			buildSettings = {
				BUNDLE_LOADER = "$(TEST_HOST)";
				CODE_SIGN_STYLE = Automatic;
				DEVELOPMENT_TEAM = 83A3UH43TP;
				INFOPLIST_FILE = KVOTests/Info.plist;
				LD_RUNPATH_SEARCH_PATHS = (
					"$(inherited)",
					"@executable_path/Frameworks",
					"@loader_path/Frameworks",
				);
				PRODUCT_BUNDLE_IDENTIFIER = com.gfr.apple.KVOTests;
				PRODUCT_NAME = "$(TARGET_NAME)";
				TARGETED_DEVICE_FAMILY = "1,2";
				TEST_HOST = "$(BUILT_PRODUCTS_DIR)/KVO.app/KVO";
			};
			name = Release;
		};
		78258DBD2091A430007AD06D /* Debug */ = {
			isa = XCBuildConfiguration;
			buildSettings = {
				CODE_SIGN_STYLE = Automatic;
				DEVELOPMENT_TEAM = 83A3UH43TP;
				INFOPLIST_FILE = KVOUITests/Info.plist;
				LD_RUNPATH_SEARCH_PATHS = (
					"$(inherited)",
					"@executable_path/Frameworks",
					"@loader_path/Frameworks",
				);
				PRODUCT_BUNDLE_IDENTIFIER = com.gfr.apple.KVOUITests;
				PRODUCT_NAME = "$(TARGET_NAME)";
				TARGETED_DEVICE_FAMILY = "1,2";
				TEST_TARGET_NAME = KVO;
			};
			name = Debug;
		};
		78258DBE2091A430007AD06D /* Release */ = {
			isa = XCBuildConfiguration;
			buildSettings = {
				CODE_SIGN_STYLE = Automatic;
				DEVELOPMENT_TEAM = 83A3UH43TP;
				INFOPLIST_FILE = KVOUITests/Info.plist;
				LD_RUNPATH_SEARCH_PATHS = (
					"$(inherited)",
					"@executable_path/Frameworks",
					"@loader_path/Frameworks",
				);
				PRODUCT_BUNDLE_IDENTIFIER = com.gfr.apple.KVOUITests;
				PRODUCT_NAME = "$(TARGET_NAME)";
				TARGETED_DEVICE_FAMILY = "1,2";
				TEST_TARGET_NAME = KVO;
			};
			name = Release;
		};
/* End XCBuildConfiguration section */

/* Begin XCConfigurationList section */
		78258D852091A42F007AD06D /* Build configuration list for PBXProject "KVO" */ = {
			isa = XCConfigurationList;
			buildConfigurations = (
				78258DB42091A430007AD06D /* Debug */,
				78258DB52091A430007AD06D /* Release */,
			);
			defaultConfigurationIsVisible = 0;
			defaultConfigurationName = Release;
		};
		78258DB62091A430007AD06D /* Build configuration list for PBXNativeTarget "KVO" */ = {
			isa = XCConfigurationList;
			buildConfigurations = (
				78258DB72091A430007AD06D /* Debug */,
				78258DB82091A430007AD06D /* Release */,
			);
			defaultConfigurationIsVisible = 0;
			defaultConfigurationName = Release;
		};
		78258DB92091A430007AD06D /* Build configuration list for PBXNativeTarget "KVOTests" */ = {
			isa = XCConfigurationList;
			buildConfigurations = (
				78258DBA2091A430007AD06D /* Debug */,
				78258DBB2091A430007AD06D /* Release */,
			);
			defaultConfigurationIsVisible = 0;
			defaultConfigurationName = Release;
		};
		78258DBC2091A430007AD06D /* Build configuration list for PBXNativeTarget "KVOUITests" */ = {
			isa = XCConfigurationList;
			buildConfigurations = (
				78258DBD2091A430007AD06D /* Debug */,
				78258DBE2091A430007AD06D /* Release */,
			);
			defaultConfigurationIsVisible = 0;
			defaultConfigurationName = Release;
		};
/* End XCConfigurationList section */
	};
	rootObject = 78258D822091A42F007AD06D /* Project object */;
}
